# This file is automatically @generated by Cargo.
# It is not intended for manual editing.
version = 3

[[package]]
name = "byteorder"
version = "1.4.3"
source = "registry+https://github.com/rust-lang/crates.io-index"
checksum = "14c189c53d098945499cdfa7ecc63567cf3886b3332b312a5b4585d8d3a6a610"

[[package]]
name = "chdnbd"
version = "0.1.0"
dependencies = [
 "nbd",
]

[[package]]
name = "nbd"
version = "0.3.0"
source = "registry+https://github.com/rust-lang/crates.io-index"
checksum = "c78ff6548a62635efeb5432bab5a5e5b5589f9d794e9d6d305247914bfc78083"
dependencies = [
 "byteorder",
]
